
Microsoft Visual Studio Solution File, Format Version 12.00
# Visual Studio Version 17
VisualStudioVersion = 17.4.33213.308
MinimumVisualStudioVersion = 10.0.40219.1
Project("{FAE04EC0-301F-11D3-BF4B-00C04F79EFBC}") = "SalesWebMvc", "SalesWebMvc\SalesWebMvc.csproj", "{5212F099-4AFF-4E6F-B17E-E433F1B85DEA}"
EndProject
Global
	GlobalSection(SolutionConfigurationPlatforms) = preSolution
		Debug|Any CPU = Debug|Any CPU
		Release|Any CPU = Release|Any CPU
	EndGlobalSection
	GlobalSection(ProjectConfigurationPlatforms) = postSolution
		{5212F099-4AFF-4E6F-B17E-E433F1B85DEA}.Debug|Any CPU.ActiveCfg = Debug|Any CPU
		{5212F099-4AFF-4E6F-B17E-E433F1B85DEA}.Debug|Any CPU.Build.0 = Debug|Any CPU
		{5212F099-4AFF-4E6F-B17E-E433F1B85DEA}.Release|Any CPU.ActiveCfg = Release|Any CPU
		{5212F099-4AFF-4E6F-B17E-E433F1B85DEA}.Release|Any CPU.Build.0 = Release|Any CPU
	EndGlobalSection
	GlobalSection(SolutionProperties) = preSolution
		HideSolutionNode = FALSE
	EndGlobalSection
	GlobalSection(ExtensibilityGlobals) = postSolution
		SolutionGuid = {168A2D27-BE39-45FD-B681-C847B8B15B6A}
	EndGlobalSection
EndGlobal
